
Microsoft Visual Studio Solution File, Format Version 12.00
# Visual Studio Version 17
VisualStudioVersion = 17.1.32319.34
MinimumVisualStudioVersion = 10.0.40219.1
Project("{FAE04EC0-301F-11D3-BF4B-00C04F79EFBC}") = "Bukufy_Admin", "Bukufy_Admin.csproj", "{F74FF647-7840-475D-B7B7-607A8F1CA654}"
EndProject
Global
	GlobalSection(SolutionConfigurationPlatforms) = preSolution
		Debug|Any CPU = Debug|Any CPU
		Release|Any CPU = Release|Any CPU
	EndGlobalSection
	GlobalSection(ProjectConfigurationPlatforms) = postSolution
		{F74FF647-7840-475D-B7B7-607A8F1CA654}.Debug|Any CPU.ActiveCfg = Debug|Any CPU
		{F74FF647-7840-475D-B7B7-607A8F1CA654}.Debug|Any CPU.Build.0 = Debug|Any CPU
		{F74FF647-7840-475D-B7B7-607A8F1CA654}.Release|Any CPU.ActiveCfg = Release|Any CPU
		{F74FF647-7840-475D-B7B7-607A8F1CA654}.Release|Any CPU.Build.0 = Release|Any CPU
	EndGlobalSection
	GlobalSection(SolutionProperties) = preSolution
		HideSolutionNode = FALSE
	EndGlobalSection
	GlobalSection(ExtensibilityGlobals) = postSolution
		SolutionGuid = {6A44C97F-6E06-46AA-9BB8-2CB7B5E28808}
	EndGlobalSection
EndGlobal
